
Microsoft Visual Studio Solution File, Format Version 12.00
# Visual Studio Version 16
VisualStudioVersion = 16.0.30907.101
MinimumVisualStudioVersion = 10.0.40219.1
Project("{FAE04EC0-301F-11D3-BF4B-00C04F79EFBC}") = "ApiSampleIncludes", "ApiSampleIncludes\ApiSampleIncludes.csproj", "{53666037-E0D0-4665-A4CA-6A3AC0B7DA99}"
EndProject
Global
	GlobalSection(SolutionConfigurationPlatforms) = preSolution
		Debug|Any CPU = Debug|Any CPU
		Release|Any CPU = Release|Any CPU
	EndGlobalSection
	GlobalSection(ProjectConfigurationPlatforms) = postSolution
		{53666037-E0D0-4665-A4CA-6A3AC0B7DA99}.Debug|Any CPU.ActiveCfg = Debug|Any CPU
		{53666037-E0D0-4665-A4CA-6A3AC0B7DA99}.Debug|Any CPU.Build.0 = Debug|Any CPU
		{53666037-E0D0-4665-A4CA-6A3AC0B7DA99}.Release|Any CPU.ActiveCfg = Release|Any CPU
		{53666037-E0D0-4665-A4CA-6A3AC0B7DA99}.Release|Any CPU.Build.0 = Release|Any CPU
	EndGlobalSection
	GlobalSection(SolutionProperties) = preSolution
		HideSolutionNode = FALSE
	EndGlobalSection
	GlobalSection(ExtensibilityGlobals) = postSolution
		SolutionGuid = {46A73C02-196B-4632-81DB-EEB2133F50F8}
	EndGlobalSection
EndGlobal
